{
    "_meta": {
        "hash": {
            "sha256": "44e545ac3c385b688983bc4057c6da29f02edd19d692d332d0e2f023fae69db7"
        },
        "pipfile-spec": 6,
        "requires": {
            "python_version": "3.6"
        },
        "sources": [
            {
                "url": "https://pypi.python.org/simple",
                "verify_ssl": true
            }
        ]
    },
    "default": {
        "certifi": {
            "hashes": [
                "sha256:1d987a998c75633c40847cc966fcf5904906c920a7f17ef374f5aa4282abd304",
                "sha256:51fcb31174be6e6664c5f69e3e1691a2d72a1a12e90f872cbdb1567eb47b6519"
            ],
            "version": "==2020.4.5.1"
        },
        "chardet": {
            "hashes": [
                "sha256:84ab92ed1c4d4f16916e05906b6b75a6c0fb5db821cc65e70cbd64a3e2a5eaae",
                "sha256:fc323ffcaeaed0e0a02bf4d117757b98aed530d9ed4531e3e15460124c106691"
            ],
            "version": "==3.0.4"
        },
        "dataclasses": {
            "hashes": [
                "sha256:3459118f7ede7c8bea0fe795bff7c6c2ce287d01dd226202f7c9ebc0610a7836",
                "sha256:494a6dcae3b8bcf80848eea2ef64c0cc5cd307ffc263e17cdf42f3e5420808e6"
            ],
            "version": "==0.7"
        },
        "dj-database-url": {
            "hashes": [
                "sha256:4aeaeb1f573c74835b0686a2b46b85990571159ffc21aa57ecd4d1e1cb334163",
                "sha256:851785365761ebe4994a921b433062309eb882fedd318e1b0fcecc607ed02da9"
            ],
            "version": "==0.5.0"
        },
        "django": {
            "hashes": [
                "sha256:84f370f6acedbe1f3c41e1a02de44ac206efda3355e427139ecb785b5f596d80",
                "sha256:e8fe3c2b2212dce6126becab7a693157f1a441a07b62ec994c046c76af5bb66d"
            ],
            "version": "==2.2.13"
        },
        "django-heroku": {
            "hashes": [
                "sha256:2bc690aab89eedbe01311752320a9a12e7548e3b0ed102681acc5736a41a4762",
                "sha256:6af4bc3ae4a9b55eaad6dbe5164918982d2762661aebc9f83d9fa49f6009514e"
            ],
            "version": "==0.3.1"
        },
        "djongo": {
            "hashes": [
                "sha256:35442ae9dff962170de584ee9148aaa513321c118c3b7c4b44aa2f846baba596",
                "sha256:c9db7f8aa8beddd23826c89f69c4b503b363e4e66c291a62428b153d5391b785"
            ],
            "version": "==1.2.29"
        },
        "gunicorn": {
            "hashes": [
                "sha256:aa8e0b40b4157b36a5df5e599f45c9c76d6af43845ba3b3b0efe2c70473c2471",
                "sha256:fa2662097c66f920f53f70621c6c58ca4a3c4d3434205e608e121b5b3b71f4f3"
            ],
            "version": "==19.9.0"
        },
        "idna": {
            "hashes": [
                "sha256:156a6814fb5ac1fc6850fb002e0852d56c0c8d2531923a51032d1b70760e186e",
                "sha256:684a38a6f903c1d71d6d5fac066b58d7768af4de2b832e426ec79c30daa94a16"
            ],
            "version": "==2.7"
        },
        "psycopg2": {
            "hashes": [
                "sha256:132efc7ee46a763e68a815f4d26223d9c679953cd190f1f218187cb60decf535",
                "sha256:2327bf42c1744a434ed8ed0bbaa9168cac7ee5a22a9001f6fc85c33b8a4a14b7",
                "sha256:27c633f2d5db0fc27b51f1b08f410715b59fa3802987aec91aeb8f562724e95c",
                "sha256:2c0afb40cfb4d53487ee2ebe128649028c9a78d2476d14a67781e45dc287f080",
                "sha256:2df2bf1b87305bd95eb3ac666ee1f00a9c83d10927b8144e8e39644218f4cf81",
                "sha256:440a3ea2c955e89321a138eb7582aa1d22fe286c7d65e26a2c5411af0a88ae72",
                "sha256:6a471d4d2a6f14c97a882e8d3124869bc623f3df6177eefe02994ea41fd45b52",
                "sha256:6b306dae53ec7f4f67a10942cf8ac85de930ea90e9903e2df4001f69b7833f7e",
                "sha256:a0984ff49e176062fcdc8a5a2a670c9bb1704a2f69548bce8f8a7bad41c661bf",
                "sha256:ac5b23d0199c012ad91ed1bbb971b7666da651c6371529b1be8cbe2a7bf3c3a9",
                "sha256:acf56d564e443e3dea152efe972b1434058244298a94348fc518d6dd6a9fb0bb",
                "sha256:d3b29d717d39d3580efd760a9a46a7418408acebbb784717c90d708c9ed5f055",
                "sha256:f7d46240f7a1ae1dd95aab38bd74f7428d46531f69219954266d669da60c0818"
            ],
            "version": "==2.8.5"
        },
        "pymongo": {
            "hashes": [
                "sha256:08dea6dbff33363419af7af3bf2e9a373ff71eb22833dd7063f9b953f09a0bdf",
                "sha256:0949110db76eb1b54cecfc0c0f8468a8b9a7fd42ba23fd0d4a37d97e0b4ca203",
                "sha256:0c31a39f440801cc8603547ccaacf4cb1f02b81af6ba656621c13677b27f4426",
                "sha256:1e10b3fda5677d360440ebd12a1185944dc81d9ea9acf0c6b0681013b3fb9bc2",
                "sha256:1f59440b993666a417ba1954cfb1b7fb11cb4dea1a1d2777897009f688d000ee",
                "sha256:2b5a3806d9f656c14e9d9b693a344fc5684fdd045155594be0c505c6e9410a94",
                "sha256:4a14e2d7c2c0e07b5affcfbfc5c395d767f94bb1a822934a41a3b5371cde1458",
                "sha256:4cb50541225208b37786fdb0de632e475c4f00ec4792579df551ef48d6999d69",
                "sha256:52999666ad01de885653e1f74a86c2a6520d1004afec475180bebf3d7393a8fc",
                "sha256:562c353079e8ce7e2ad611fd7436a72f5df97be72bca59ae9ebf789a724afd5c",
                "sha256:5ce2a71f473f4703daa8d6c61a00b35ce625a7f5015b4371e3af728dafca296a",
                "sha256:6613e633676168a4500e5e6bb6e3e64d3fdb96d2dc472eb4b99235fb4141adb1",
                "sha256:8330406f294df118399c721f80979f2516447bcc73e4262826687872c864751e",
                "sha256:8e939dfa7d16609b99eb4d1fd2fc74f7a90f4fd0aaf31d611822daaff456236f",
                "sha256:8fa4303e1f50d9f0c8f2f7833b5a370a94d19d41449def62b34ae072126b4dfd",
                "sha256:966d987975aa3b4cfcdf1495930ff6ecb152fafe8e544e40633e41b24ca3e1c5",
                "sha256:aec4ea43a1b8e9782246a259410f66692f2d3aa0f03c54477e506193b0781cb6",
                "sha256:b73f889f032fbef05863f5056b46468a8262ae83628898e20b10bbbb79a3617e",
                "sha256:b752088a2f819f163d11dfdbbe627b27eef9d8478c7e57d42c5e7c600fee434e",
                "sha256:c8669f96277f140797e0ff99f80bd706271674942672a38ed694e2bfa66f3900",
                "sha256:ccf00549efaf6f8d5b35b654beb9aed2b788a5b33b05606eb818ddaa4e924ea3",
                "sha256:ce7c91463ad21ac72fc795188292b01c8366cf625e2d1e5ed473ce127b844f60",
                "sha256:d776d8d47884e6ad39ff8a301f1ae6b7d2186f209218cf024f43334dbba79c64",
                "sha256:dab0f63841aebb2b421fadb31f3c7eef27898f21274a8e5b45c4f2bccb40f9ed",
                "sha256:daedcfbf3b24b2b687e35b33252a9315425c2dd06a085a36906d516135bdd60e",
                "sha256:e7ad1ec621db2c5ad47924f63561f75abfd4fff669c62c8cc99c169c90432f59",
                "sha256:f14fb6c4058772a0d74d82874d3b89d7264d89b4ed7fa0413ea0ef8112b268b9",
                "sha256:f16c7b6b98bc400d180f05e65e2236ef4ee9d71f3815280558582670e1e67536",
                "sha256:f2d9eb92b26600ae6e8092f66da4bcede1b61a647c9080d6b44c148aff3a8ea4",
                "sha256:ffe94f9d17800610dda5282d7f6facfc216d79a93dd728a03d2f21cff3af7cc6"
            ],
            "version": "==3.7.1"
        },
        "pytz": {
            "hashes": [
                "sha256:a494d53b6d39c3c6e44c3bec237336e14305e4f29bbf800b599253057fbb79ed",
                "sha256:c35965d010ce31b23eeb663ed3cc8c906275d6be1a34393a1d73a41febf4a048"
            ],
            "version": "==2020.1"
        },
        "requests": {
            "hashes": [
                "sha256:63b52e3c866428a224f97cab011de738c36aec0185aa91cfacd418b5d58911d1",
                "sha256:ec22d826a36ed72a7358ff3fe56cbd4ba69dd7a6718ffd450ff0e9df7a47ce6a"
            ],
            "version": "==2.19.1"
        },
        "sqlparse": {
            "hashes": [
                "sha256:022fb9c87b524d1f7862b3037e541f68597a730a8843245c349fc93e1643dc4e",
                "sha256:e162203737712307dfe78860cc56c8da8a852ab2ee33750e33aeadf38d12c548"
            ],
            "version": "==0.3.1"
        },
        "urllib3": {
            "hashes": [
                "sha256:a68ac5e15e76e7e5dd2b8f94007233e01effe3e50e8daddf69acfd81cb686baf",
                "sha256:b5725a0bd4ba422ab0e66e89e030c806576753ea3ee08554382c14e685d117b5"
            ],
            "version": "==1.23"
        },
        "whitenoise": {
            "hashes": [
                "sha256:60154b976a13901414a25b0273a841145f77eb34a141f9ae032a0ace3e4d5b27",
                "sha256:6dd26bfda3af29177d8ab7333a0c7b7642eb615ce83764f4d15a9aecda3201c4"
            ],
            "version": "==5.1.0"
        }
    },
    "develop": {}
}
